
Microsoft Visual Studio Solution File, Format Version 12.00
# Visual Studio Version 17
VisualStudioVersion = 17.4.33213.308
MinimumVisualStudioVersion = 10.0.40219.1
Project("{9A19103F-16F7-4668-BE54-9A1E7A4F7556}") = "PirozhkiService", "InstrumentService\PirozhkiService.csproj", "{2750693A-3F7D-427A-8F96-4364D8F8A9F5}"
EndProject
Project("{9A19103F-16F7-4668-BE54-9A1E7A4F7556}") = "PirozhkiService_Utility", "InstrumentService_Utility\PirozhkiService_Utility.csproj", "{524FA9E7-AEB1-41F9-9FD1-0261FFA03029}"
EndProject
Project("{9A19103F-16F7-4668-BE54-9A1E7A4F7556}") = "PirozhkiService_Models", "InstrumentService_Models\PirozhkiService_Models.csproj", "{2DD918DE-5EBB-4DE2-9FC1-06D126E4B1AF}"
EndProject
Project("{9A19103F-16F7-4668-BE54-9A1E7A4F7556}") = "PirozhkiService_DataAccess", "InstrumentService_DataAccess\PirozhkiService_DataAccess.csproj", "{1E5C54DD-664B-44E6-8528-C1BADF1D3E8D}"
EndProject
Global
	GlobalSection(SolutionConfigurationPlatforms) = preSolution
		Debug|Any CPU = Debug|Any CPU
		Release|Any CPU = Release|Any CPU
	EndGlobalSection
	GlobalSection(ProjectConfigurationPlatforms) = postSolution
		{2750693A-3F7D-427A-8F96-4364D8F8A9F5}.Debug|Any CPU.ActiveCfg = Debug|Any CPU
		{2750693A-3F7D-427A-8F96-4364D8F8A9F5}.Debug|Any CPU.Build.0 = Debug|Any CPU
		{2750693A-3F7D-427A-8F96-4364D8F8A9F5}.Release|Any CPU.ActiveCfg = Release|Any CPU
		{2750693A-3F7D-427A-8F96-4364D8F8A9F5}.Release|Any CPU.Build.0 = Release|Any CPU
		{524FA9E7-AEB1-41F9-9FD1-0261FFA03029}.Debug|Any CPU.ActiveCfg = Debug|Any CPU
		{524FA9E7-AEB1-41F9-9FD1-0261FFA03029}.Debug|Any CPU.Build.0 = Debug|Any CPU
		{524FA9E7-AEB1-41F9-9FD1-0261FFA03029}.Release|Any CPU.ActiveCfg = Release|Any CPU
		{524FA9E7-AEB1-41F9-9FD1-0261FFA03029}.Release|Any CPU.Build.0 = Release|Any CPU
		{2DD918DE-5EBB-4DE2-9FC1-06D126E4B1AF}.Debug|Any CPU.ActiveCfg = Debug|Any CPU
		{2DD918DE-5EBB-4DE2-9FC1-06D126E4B1AF}.Debug|Any CPU.Build.0 = Debug|Any CPU
		{2DD918DE-5EBB-4DE2-9FC1-06D126E4B1AF}.Release|Any CPU.ActiveCfg = Release|Any CPU
		{2DD918DE-5EBB-4DE2-9FC1-06D126E4B1AF}.Release|Any CPU.Build.0 = Release|Any CPU
		{1E5C54DD-664B-44E6-8528-C1BADF1D3E8D}.Debug|Any CPU.ActiveCfg = Debug|Any CPU
		{1E5C54DD-664B-44E6-8528-C1BADF1D3E8D}.Debug|Any CPU.Build.0 = Debug|Any CPU
		{1E5C54DD-664B-44E6-8528-C1BADF1D3E8D}.Release|Any CPU.ActiveCfg = Release|Any CPU
		{1E5C54DD-664B-44E6-8528-C1BADF1D3E8D}.Release|Any CPU.Build.0 = Release|Any CPU
	EndGlobalSection
	GlobalSection(SolutionProperties) = preSolution
		HideSolutionNode = FALSE
	EndGlobalSection
	GlobalSection(ExtensibilityGlobals) = postSolution
		SolutionGuid = {1495D77B-A0FD-4B8A-A2EB-8CABC0929C9E}
	EndGlobalSection
EndGlobal
